
Microsoft Visual Studio Solution File, Format Version 12.00
# Visual Studio Version 16
VisualStudioVersion = 16.0.29215.179
MinimumVisualStudioVersion = 10.0.40219.1
Project("{FAE04EC0-301F-11D3-BF4B-00C04F79EFBC}") = "FormWeb", "FormWeb\FormWeb.csproj", "{D6008E7E-237E-4C09-82EC-B2F1894EBF8F}"
EndProject
Global
	GlobalSection(SolutionConfigurationPlatforms) = preSolution
		Debug|Any CPU = Debug|Any CPU
		Release|Any CPU = Release|Any CPU
	EndGlobalSection
	GlobalSection(ProjectConfigurationPlatforms) = postSolution
		{D6008E7E-237E-4C09-82EC-B2F1894EBF8F}.Debug|Any CPU.ActiveCfg = Debug|Any CPU
		{D6008E7E-237E-4C09-82EC-B2F1894EBF8F}.Debug|Any CPU.Build.0 = Debug|Any CPU
		{D6008E7E-237E-4C09-82EC-B2F1894EBF8F}.Release|Any CPU.ActiveCfg = Release|Any CPU
		{D6008E7E-237E-4C09-82EC-B2F1894EBF8F}.Release|Any CPU.Build.0 = Release|Any CPU
	EndGlobalSection
	GlobalSection(SolutionProperties) = preSolution
		HideSolutionNode = FALSE
	EndGlobalSection
	GlobalSection(ExtensibilityGlobals) = postSolution
		SolutionGuid = {EA4BA841-FBF9-4A5C-ABCD-B929FCB797D9}
	EndGlobalSection
EndGlobal
